{
    "_meta": {
        "hash": {
            "sha256": "86c76e20b6a3cdd99b9f837f2e6bcb31103f14f333903261217d62896273df94"
        },
        "pipfile-spec": 6,
        "requires": {},
        "sources": [
            {
                "name": "pypi",
                "url": "https://pypi.org/simple",
                "verify_ssl": true
            }
        ]
    },
    "default": {
        "certifi": {
            "hashes": [
                "sha256:0a816057ea3cdefcef70270d2c515e4506bbc954f417fa5ade2021213bb8f0c6",
                "sha256:30350364dfe371162649852c63336a15c70c6510c2ad5015b21c2345311805f3"
            ],
            "markers": "python_version >= '3.6'",
            "version": "==2025.4.26"
        },
        "paho-mqtt": {
            "hashes": [
                "sha256:2a8291c81623aec00372b5a85558a372c747cbca8e9934dfe218638b8eefc26f"
            ],
            "index": "pypi",
            "markers": "python_version >= '3.7'",
            "version": "==1.6.1"
        },
        "python-mpd2": {
            "hashes": [
                "sha256:4baec3584cc43ed9948d5559079fafc2679b06b2ade273e909b3582654b2b3f5",
                "sha256:86bf1100a0b135959d74a9a7a58cf0515bf30bb54eb25ae6fb8e175e50300fc3"
            ],
            "index": "pypi",
            "markers": "python_version >= '3.6'",
            "version": "==3.1.1"
        },
        "sentry-sdk": {
            "hashes": [
                "sha256:608887855ccfe39032bfd03936e3a1c4f4fc99b3a4ac49ced54a4220de61c9c1",
                "sha256:a16c997c0f4e3df63c0fc5e4207ccb1ab37900433e0f72fef88315d317829a26"
            ],
            "index": "pypi",
            "markers": "python_version >= '3.6'",
            "version": "==1.45.1"
        },
        "urllib3": {
            "hashes": [
                "sha256:414bc6535b787febd7567804cc015fee39daab8ad86268f1310a9250697de466",
                "sha256:4e16665048960a0900c702d4a66415956a584919c03361cac9f1df5c5dd7e813"
            ],
            "markers": "python_version >= '3.6'",
            "version": "==2.4.0"
        }
    },
    "develop": {}
}
