{
    "_meta": {
        "hash": {
            "sha256": "64fe1ee865715bdd6060a2cb6b75e3ebec1737dc9c82e0d007e930fecd302205"
        },
        "pipfile-spec": 6,
        "requires": {},
        "sources": [
            {
                "name": "pypi",
                "url": "https://pypi.org/simple",
                "verify_ssl": true
            }
        ]
    },
    "default": {
        "paho-mqtt": {
            "hashes": [
                "sha256:3f17e086c0ef5261edb6eed00942d539f49a41c28b32f14b7b4f2f1144246316",
                "sha256:e440a052b46d222e184be3be38676378722072fcd4dfd2c8f509fb861a7b0b79"
            ],
            "index": "pypi",
            "version": "==1.4.0"
        },
        "python-mpd2": {
            "hashes": [
                "sha256:29119e3a88ef4a6f15acb1b83bab9344fba8eefc370e0144ffb77f5138e65dd7",
                "sha256:772fa6861273bb9f363a97987c2c45ca3965eb770570f1f02566efec9c89fc5f"
            ],
            "index": "pypi",
            "version": "==1.0.0"
        },
        "raven": {
            "hashes": [
                "sha256:3fa6de6efa2493a7c827472e984ce9b020797d0da16f1db67197bcc23c8fae54",
                "sha256:44a13f87670836e153951af9a3c80405d36b43097db869a36e92809673692ce4"
            ],
            "index": "pypi",
            "version": "==6.10.0"
        }
    },
    "develop": {}
}
